{
  "name": "yalg",
  "version": "0.1.0",
  "lockfileVersion": 1,
  "requires": true,
  "dependencies": {
    "m3u8stream": {
      "version": "0.8.3",
      "resolved": "https://registry.npmjs.org/m3u8stream/-/m3u8stream-0.8.3.tgz",
      "integrity": "sha512-0nAcdrF8YJKUkb6PzWdvGftTPyCVWgoiot1AkNVbPKTeIGsWs6DrOjifrJ0Zi8WQfQmD2SuVCjkYIOip12igng==",
      "requires": {
        "miniget": "^4.0.0",
        "sax": "^1.2.4"
      }
    },
    "miniget": {
      "version": "4.1.0",
      "resolved": "https://registry.npmjs.org/miniget/-/miniget-4.1.0.tgz",
      "integrity": "sha512-kzhrNv5L7LlomwGmPGQsLQ2PnT1LeJJWfB0wNFGyv426gEM1gsfziBQmfkr6XOBA8EusZg9nowlNT5CbuKTjZg=="
    },
    "sax": {
      "version": "1.2.4",
      "resolved": "https://registry.npmjs.org/sax/-/sax-1.2.4.tgz",
      "integrity": "sha512-NqVDv9TpANUjFm0N8uM5GxL36UgKi9/atZw+x7YFnQ8ckwFGKrl4xX4yWtrey3UJm5nP1kUbnYgLopqWNSRhWw=="
    },
    "ytdl-core": {
      "version": "4.4.1",
      "resolved": "https://registry.npmjs.org/ytdl-core/-/ytdl-core-4.4.1.tgz",
      "integrity": "sha512-VRqJ1pPEfIt7Lja2bKaTRqO47GfVbqhFfKqtmxU5Pp2BM0HUb0gVyf3wL9HlA+Vb4OblXs2MzSqWI8Fi1sSk4Q==",
      "requires": {
        "m3u8stream": "^0.8.3",
        "miniget": "^4.0.0",
        "sax": "^1.1.3"
      }
    }
  }
}
